# generated by rye
# use `rye lock` or `rye sync` to update this lockfile
#
# last locked with the following flags:
#   pre: false
#   features: []
#   all-features: false
#   with-sources: false
#   generate-hashes: false
#   universal: false

aiohappyeyeballs==2.4.3
    # via aiohttp
aiohttp==3.10.10
    # via livekit-api
aiosignal==1.3.1
    # via aiohttp
annotated-types==0.7.0
    # via pydantic
anyio==4.6.2
    # via httpx
    # via openai
    # via watchfiles
attrs==23.2.0
    # via aiohttp
    # via livekit-agents
av==13.1.0
    # via livekit-agents
certifi==2024.8.30
    # via httpcore
    # via httpx
click==8.1.7
    # via livekit-agents
distro==1.9.0
    # via openai
filelock==3.16.1
    # via torch
frozenlist==1.4.1
    # via aiohttp
    # via aiosignal
fsspec==2024.9.0
    # via torch
h11==0.14.0
    # via httpcore
httpcore==1.0.6
    # via httpx
httpx==0.27.2
    # via openai
idna==3.10
    # via anyio
    # via httpx
    # via yarl
jinja2==3.1.4
    # via torch
livekit==0.11.1
    # via livekit-agents
    # via livekit-plugins-silero
livekit-agents==0.7.2
    # via livekit-plugins-deepgram
    # via livekit-plugins-openai
    # via livekit-plugins-silero
livekit-api==0.7.1
    # via livekit-agents
livekit-plugins-deepgram==0.5.1
livekit-plugins-openai==0.6.0
livekit-plugins-silero==0.2.0
livekit-protocol==0.6.0
    # via livekit-agents
    # via livekit-api
markupsafe==3.0.1
    # via jinja2
mpmath==1.3.0
    # via sympy
multidict==6.1.0
    # via aiohttp
    # via yarl
networkx==3.4.1
    # via torch
numpy==1.26.4
    # via livekit-plugins-silero
openai==1.30.5
    # via livekit-plugins-openai
pillow==10.3.0
    # via livekit-agents
propcache==0.2.0
    # via yarl
protobuf==5.28.2
    # via livekit
    # via livekit-agents
    # via livekit-api
    # via livekit-protocol
psutil==5.9.8
    # via livekit-agents
pydantic==2.7.4
    # via openai
pydantic-core==2.18.4
    # via pydantic
pyjwt==2.9.0
    # via livekit-api
python-dotenv==1.0.1
sniffio==1.3.1
    # via anyio
    # via httpx
    # via openai
sympy==1.13.3
    # via torch
torch==2.2.2
    # via livekit-plugins-silero
    # via torchaudio
torchaudio==2.2.2
tqdm==4.66.5
    # via openai
types-protobuf==4.25.0.20240417
    # via livekit
    # via livekit-agents
    # via livekit-api
    # via livekit-protocol
typing-extensions==4.12.2
    # via openai
    # via pydantic
    # via pydantic-core
    # via torch
watchfiles==0.24.0
    # via livekit-agents
yarl==1.15.2
    # via aiohttp
